lockfileVersion: '9.0'

settings:
  autoInstallPeers: true
  excludeLinksFromLockfile: false

importers:

  .:
    devDependencies:
      prettier:
        specifier: ^3.2.5
        version: 3.6.2
      turbo:
        specifier: ^2.0.4
        version: 2.6.0
      xml2js:
        specifier: ^0.6.2
        version: 0.6.2

packages:

  prettier@3.6.2:
    resolution: {integrity: sha512-I7AIg5boAr5R0FFtJ6rCfD+LFsWHp81dolrFD8S79U9tb8Az2nGrJncnMSnys+bpQJfRUzqs9hnA81OAA3hCuQ==}
    engines: {node: '>=14'}
    hasBin: true

  sax@1.4.3:
    resolution: {integrity: sha512-yqYn1JhPczigF94DMS+shiDMjDowYO6y9+wB/4WgO0Y19jWYk0lQ4tuG5KI7kj4FTp1wxPj5IFfcrz/s1c3jjQ==}

  turbo-darwin-64@2.6.0:
    resolution: {integrity: sha512-6vHnLAubHj8Ib45Knu+oY0ZVCLO7WcibzAvt5b1E72YHqAs4y8meMAGMZM0jLqWPh/9maHDc16/qBCMxtW4pXg==}
    cpu: [x64]
    os: [darwin]

  turbo-darwin-arm64@2.6.0:
    resolution: {integrity: sha512-IU+gWMEXNBw8H0pxvE7nPEa5p6yahxbN8g/Q4Bf0AHymsAFqsScgV0peeNbWybdmY9jk1LPbALOsF2kY1I7ZiQ==}
    cpu: [arm64]
    os: [darwin]

  turbo-linux-64@2.6.0:
    resolution: {integrity: sha512-CKoiJ2ZFJLCDsWdRlZg+ew1BkGn8iCEGdePhISVpjsGwkJwSVhVu49z2zKdBeL1IhcSKS2YALwp9ellNZANJxw==}
    cpu: [x64]
    os: [linux]

  turbo-linux-arm64@2.6.0:
    resolution: {integrity: sha512-WroVCdCvJbrhNxNdw7XB7wHAfPPJPV+IXY+ZKNed+9VdfBu/2mQNfKnvqTuFTH7n+Pdpv8to9qwhXRTJe26upg==}
    cpu: [arm64]
    os: [linux]

  turbo-windows-64@2.6.0:
    resolution: {integrity: sha512-7pZo5aGQPR+A7RMtWCZHusarJ6y15LQ+o3jOmpMxTic/W6Bad+jSeqo07TWNIseIWjCVzrSv27+0odiYRYtQdA==}
    cpu: [x64]
    os: [win32]

  turbo-windows-arm64@2.6.0:
    resolution: {integrity: sha512-1Ty+NwIksQY7AtFUCPrTpcKQE7zmd/f7aRjdT+qkqGFQjIjFYctEtN7qo4vpQPBgCfS1U3ka83A2u/9CfJQ3wQ==}
    cpu: [arm64]
    os: [win32]

  turbo@2.6.0:
    resolution: {integrity: sha512-kC5VJqOXo50k0/0jnJDDjibLAXalqT9j7PQ56so0pN+81VR4Fwb2QgIE9dTzT3phqOTQuEXkPh3sCpnv5Isz2g==}
    hasBin: true

  xml2js@0.6.2:
    resolution: {integrity: sha512-T4rieHaC1EXcES0Kxxj4JWgaUQHDk+qwHcYOCFHfiwKz7tOVPLq7Hjq9dM1WCMhylqMEfP7hMcOIChvotiZegA==}
    engines: {node: '>=4.0.0'}

  xmlbuilder@11.0.1:
    resolution: {integrity: sha512-fDlsI/kFEx7gLvbecc0/ohLG50fugQp8ryHzMTuW9vSa1GJ0XYWKnhsUx7oie3G98+r56aTQIUB4kht42R3JvA==}
    engines: {node: '>=4.0'}

snapshots:

  prettier@3.6.2: {}

  sax@1.4.3: {}

  turbo-darwin-64@2.6.0:
    optional: true

  turbo-darwin-arm64@2.6.0:
    optional: true

  turbo-linux-64@2.6.0:
    optional: true

  turbo-linux-arm64@2.6.0:
    optional: true

  turbo-windows-64@2.6.0:
    optional: true

  turbo-windows-arm64@2.6.0:
    optional: true

  turbo@2.6.0:
    optionalDependencies:
      turbo-darwin-64: 2.6.0
      turbo-darwin-arm64: 2.6.0
      turbo-linux-64: 2.6.0
      turbo-linux-arm64: 2.6.0
      turbo-windows-64: 2.6.0
      turbo-windows-arm64: 2.6.0

  xml2js@0.6.2:
    dependencies:
      sax: 1.4.3
      xmlbuilder: 11.0.1

  xmlbuilder@11.0.1: {}
